
Microsoft Visual Studio Solution File, Format Version 12.00
# Visual Studio Version 17
VisualStudioVersion = 17.11.35327.3
MinimumVisualStudioVersion = 10.0.40219.1
Project("{FAE04EC0-301F-11D3-BF4B-00C04F79EFBC}") = "Tumakov", "Tumakov\Tumakov.csproj", "{02D144B8-BDF7-45C3-B8FD-AD0EB7715574}"
EndProject
Project("{FAE04EC0-301F-11D3-BF4B-00C04F79EFBC}") = "Task Manager", "Task Manager\Task Manager.csproj", "{A53A7C62-B657-486D-85C9-CCA3B399C7E9}"
EndProject
Global
	GlobalSection(SolutionConfigurationPlatforms) = preSolution
		Debug|Any CPU = Debug|Any CPU
		Release|Any CPU = Release|Any CPU
	EndGlobalSection
	GlobalSection(ProjectConfigurationPlatforms) = postSolution
		{02D144B8-BDF7-45C3-B8FD-AD0EB7715574}.Debug|Any CPU.ActiveCfg = Debug|Any CPU
		{02D144B8-BDF7-45C3-B8FD-AD0EB7715574}.Debug|Any CPU.Build.0 = Debug|Any CPU
		{02D144B8-BDF7-45C3-B8FD-AD0EB7715574}.Release|Any CPU.ActiveCfg = Release|Any CPU
		{02D144B8-BDF7-45C3-B8FD-AD0EB7715574}.Release|Any CPU.Build.0 = Release|Any CPU
		{A53A7C62-B657-486D-85C9-CCA3B399C7E9}.Debug|Any CPU.ActiveCfg = Debug|Any CPU
		{A53A7C62-B657-486D-85C9-CCA3B399C7E9}.Debug|Any CPU.Build.0 = Debug|Any CPU
		{A53A7C62-B657-486D-85C9-CCA3B399C7E9}.Release|Any CPU.ActiveCfg = Release|Any CPU
		{A53A7C62-B657-486D-85C9-CCA3B399C7E9}.Release|Any CPU.Build.0 = Release|Any CPU
	EndGlobalSection
	GlobalSection(SolutionProperties) = preSolution
		HideSolutionNode = FALSE
	EndGlobalSection
	GlobalSection(ExtensibilityGlobals) = postSolution
		SolutionGuid = {BB5F054F-6C75-4038-A706-7170EBB20830}
	EndGlobalSection
EndGlobal
